
Microsoft Visual Studio Solution File, Format Version 12.00
# Visual Studio Version 16
VisualStudioVersion = 16.0.32510.428
MinimumVisualStudioVersion = 10.0.40219.1
Project("{8BC9CEB8-8B4A-11D0-8D11-00A0C91BC942}") = "nya", "nya\nya.vcxproj", "{557441ED-474B-4F06-9648-01BE5AFAC4A0}"
EndProject
Project("{8BC9CEB8-8B4A-11D0-8D11-00A0C91BC942}") = "ngl", "ngl\ngl.vcxproj", "{C9B7E309-DEC0-4796-B6FC-AFEF3FC4BA3A}"
EndProject
Project("{8BC9CEB8-8B4A-11D0-8D11-00A0C91BC942}") = "nal", "nal\nal.vcxproj", "{A5F9BCA4-9F0A-4065-8117-1C820474C1F1}"
EndProject
Project("{8BC9CEB8-8B4A-11D0-8D11-00A0C91BC942}") = "test6", "test6\test6.vcxproj", "{C95D7C66-C623-4BF9-A373-910E391BA1F4}"
	ProjectSection(ProjectDependencies) = postProject
		{557441ED-474B-4F06-9648-01BE5AFAC4A0} = {557441ED-474B-4F06-9648-01BE5AFAC4A0}
	EndProjectSection
EndProject
Project("{8BC9CEB8-8B4A-11D0-8D11-00A0C91BC942}") = "test10", "test10\test10.vcxproj", "{C2DC6FA3-9387-44DD-A462-04E75B15A0C5}"
	ProjectSection(ProjectDependencies) = postProject
		{557441ED-474B-4F06-9648-01BE5AFAC4A0} = {557441ED-474B-4F06-9648-01BE5AFAC4A0}
	EndProjectSection
EndProject
Project("{8BC9CEB8-8B4A-11D0-8D11-00A0C91BC942}") = "test_rix", "test_rix\test_rix.vcxproj", "{DF79BF75-7389-467D-B38B-FE23FE988025}"
	ProjectSection(ProjectDependencies) = postProject
		{DD6E665F-0D17-4BAE-B622-658A2B662BDF} = {DD6E665F-0D17-4BAE-B622-658A2B662BDF}
		{557441ED-474B-4F06-9648-01BE5AFAC4A0} = {557441ED-474B-4F06-9648-01BE5AFAC4A0}
	EndProjectSection
EndProject
Project("{8BC9CEB8-8B4A-11D0-8D11-00A0C91BC942}") = "plgrix", "plgrix\plgrix.vcxproj", "{DD6E665F-0D17-4BAE-B622-658A2B662BDF}"
EndProject
Project("{8BC9CEB8-8B4A-11D0-8D11-00A0C91BC942}") = "test1", "test1\test1.vcxproj", "{517ADF65-F8E9-46FA-8976-780692D8698A}"
	ProjectSection(ProjectDependencies) = postProject
		{557441ED-474B-4F06-9648-01BE5AFAC4A0} = {557441ED-474B-4F06-9648-01BE5AFAC4A0}
	EndProjectSection
EndProject
Project("{8BC9CEB8-8B4A-11D0-8D11-00A0C91BC942}") = "test2", "test2\test2.vcxproj", "{83BD8DBF-999C-4DE4-8D97-09AC871B9B56}"
	ProjectSection(ProjectDependencies) = postProject
		{557441ED-474B-4F06-9648-01BE5AFAC4A0} = {557441ED-474B-4F06-9648-01BE5AFAC4A0}
	EndProjectSection
EndProject
Project("{8BC9CEB8-8B4A-11D0-8D11-00A0C91BC942}") = "test4", "test4\test4.vcxproj", "{2EB7E7C9-3843-4FA6-B34C-D5430D76DF40}"
	ProjectSection(ProjectDependencies) = postProject
		{557441ED-474B-4F06-9648-01BE5AFAC4A0} = {557441ED-474B-4F06-9648-01BE5AFAC4A0}
	EndProjectSection
EndProject
Project("{8BC9CEB8-8B4A-11D0-8D11-00A0C91BC942}") = "test5", "test5\test5.vcxproj", "{4C486C3A-3D3D-4F3D-A404-C153B4EE840C}"
	ProjectSection(ProjectDependencies) = postProject
		{A42A3F69-0295-4EB4-9F04-D1502342DA68} = {A42A3F69-0295-4EB4-9F04-D1502342DA68}
		{557441ED-474B-4F06-9648-01BE5AFAC4A0} = {557441ED-474B-4F06-9648-01BE5AFAC4A0}
	EndProjectSection
EndProject
Project("{8BC9CEB8-8B4A-11D0-8D11-00A0C91BC942}") = "test7", "test7\test7.vcxproj", "{B2780879-FABE-4ADB-AA31-2334836A56A5}"
	ProjectSection(ProjectDependencies) = postProject
		{557441ED-474B-4F06-9648-01BE5AFAC4A0} = {557441ED-474B-4F06-9648-01BE5AFAC4A0}
	EndProjectSection
EndProject
Project("{8BC9CEB8-8B4A-11D0-8D11-00A0C91BC942}") = "test8", "test8\test8.vcxproj", "{3DB2FBD1-6ACB-4940-99E8-E639001CE752}"
	ProjectSection(ProjectDependencies) = postProject
		{557441ED-474B-4F06-9648-01BE5AFAC4A0} = {557441ED-474B-4F06-9648-01BE5AFAC4A0}
	EndProjectSection
EndProject
Project("{8BC9CEB8-8B4A-11D0-8D11-00A0C91BC942}") = "test9", "test9\test9.vcxproj", "{9BCEBB08-184D-4E72-8A7E-8C7381897794}"
	ProjectSection(ProjectDependencies) = postProject
		{557441ED-474B-4F06-9648-01BE5AFAC4A0} = {557441ED-474B-4F06-9648-01BE5AFAC4A0}
	EndProjectSection
EndProject
Project("{8BC9CEB8-8B4A-11D0-8D11-00A0C91BC942}") = "plgwavpack", "plgwavpack\plgwavpack.vcxproj", "{A42A3F69-0295-4EB4-9F04-D1502342DA68}"
EndProject
Project("{8BC9CEB8-8B4A-11D0-8D11-00A0C91BC942}") = "nullgl", "nullgl\nullgl.vcxproj", "{CCB7245E-8A3C-4206-88A1-CDB726789F72}"
EndProject
Project("{8BC9CEB8-8B4A-11D0-8D11-00A0C91BC942}") = "sgl", "sgl\sgl.vcxproj", "{62F7343E-5FEB-4FAC-BF54-A55F3449094E}"
EndProject
Project("{8BC9CEB8-8B4A-11D0-8D11-00A0C91BC942}") = "colorlines2013", "colorlines2013\colorlines2013.vcxproj", "{F01045A7-2FA0-4268-ADB2-07E0296B3F10}"
	ProjectSection(ProjectDependencies) = postProject
		{557441ED-474B-4F06-9648-01BE5AFAC4A0} = {557441ED-474B-4F06-9648-01BE5AFAC4A0}
	EndProjectSection
EndProject
Project("{8BC9CEB8-8B4A-11D0-8D11-00A0C91BC942}") = "tgl", "tgl\tgl.vcxproj", "{899BC2F3-598C-4E84-8488-E08F967A5A3A}"
EndProject
Project("{8BC9CEB8-8B4A-11D0-8D11-00A0C91BC942}") = "test3", "test3\test3.vcxproj", "{A3FD1A53-C3FD-468F-8E6F-652DC7AC745E}"
	ProjectSection(ProjectDependencies) = postProject
		{557441ED-474B-4F06-9648-01BE5AFAC4A0} = {557441ED-474B-4F06-9648-01BE5AFAC4A0}
	EndProjectSection
EndProject
Project("{8BC9CEB8-8B4A-11D0-8D11-00A0C91BC942}") = "test_mp", "test_mp\test_mp.vcxproj", "{F91EBE43-9D1D-4E78-B5E0-DF4857EEA31E}"
	ProjectSection(ProjectDependencies) = postProject
		{9E695AA1-4EEF-4A3E-B790-B840A6233753} = {9E695AA1-4EEF-4A3E-B790-B840A6233753}
		{557441ED-474B-4F06-9648-01BE5AFAC4A0} = {557441ED-474B-4F06-9648-01BE5AFAC4A0}
	EndProjectSection
EndProject
Project("{8BC9CEB8-8B4A-11D0-8D11-00A0C91BC942}") = "plgkplib_pictures", "plgkplib_pictures\plgkplib_pictures.vcxproj", "{9E695AA1-4EEF-4A3E-B790-B840A6233753}"
EndProject
Project("{8BC9CEB8-8B4A-11D0-8D11-00A0C91BC942}") = "plgkplib_files", "plgkplib_files\plgkplib_files.vcxproj", "{ABC7CB54-CE9E-4506-93A0-329BE76C3A10}"
EndProject
Project("{8BC9CEB8-8B4A-11D0-8D11-00A0C91BC942}") = "demo_dna", "demo_dna\demo_dna.vcxproj", "{7AED2DCA-FFBA-4388-82F0-E472C77553CF}"
	ProjectSection(ProjectDependencies) = postProject
		{557441ED-474B-4F06-9648-01BE5AFAC4A0} = {557441ED-474B-4F06-9648-01BE5AFAC4A0}
	EndProjectSection
EndProject
Project("{8BC9CEB8-8B4A-11D0-8D11-00A0C91BC942}") = "nullal", "nullal\nullal.vcxproj", "{C3B176F1-F971-4EC3-B1C5-DF3B41B1A3C3}"
EndProject
Project("{8BC9CEB8-8B4A-11D0-8D11-00A0C91BC942}") = "sidescroller", "sidescroller\sidescroller.vcxproj", "{F09E225C-1156-46BE-815B-F74BF6138571}"
	ProjectSection(ProjectDependencies) = postProject
		{C9B7E309-DEC0-4796-B6FC-AFEF3FC4BA3A} = {C9B7E309-DEC0-4796-B6FC-AFEF3FC4BA3A}
		{A5F9BCA4-9F0A-4065-8117-1C820474C1F1} = {A5F9BCA4-9F0A-4065-8117-1C820474C1F1}
		{557441ED-474B-4F06-9648-01BE5AFAC4A0} = {557441ED-474B-4F06-9648-01BE5AFAC4A0}
	EndProjectSection
EndProject
Project("{8BC9CEB8-8B4A-11D0-8D11-00A0C91BC942}") = "xaudio2_8al", "xaudio2_8al\xaudio2_8al.vcxproj", "{9BD30717-7AAC-4461-BE72-5CE27E2E1B1C}"
EndProject
Project("{2150E333-8FDC-42A3-9474-1A3956D46DE8}") = "Games", "Games", "{2C5FF7D8-0F97-4C51-AD4F-DB6125B95397}"
EndProject
Project("{2150E333-8FDC-42A3-9474-1A3956D46DE8}") = "Demos", "Demos", "{F9710DA9-E938-4CCE-AC29-FEEA7C83121B}"
EndProject
Project("{2150E333-8FDC-42A3-9474-1A3956D46DE8}") = "Renderers", "Renderers", "{82163E49-DE44-4607-BB35-760559DBCA2F}"
EndProject
Project("{2150E333-8FDC-42A3-9474-1A3956D46DE8}") = "Tests", "Tests", "{72CBDBAD-A9BF-4AA8-ABDF-C6F3933455F2}"
EndProject
Project("{2150E333-8FDC-42A3-9474-1A3956D46DE8}") = "SoundLibs", "SoundLibs", "{E70FBDA5-6E11-4E1A-93E1-1AC7DB17E10D}"
EndProject
Project("{2150E333-8FDC-42A3-9474-1A3956D46DE8}") = "Plugins", "Plugins", "{E62000AC-5050-4160-9EF6-63A6F5742608}"
EndProject
Project("{8BC9CEB8-8B4A-11D0-8D11-00A0C91BC942}") = "test_imgui", "test_imgui\test_imgui.vcxproj", "{A23A4572-47BF-4564-A9E7-F5C80C56DBA9}"
	ProjectSection(ProjectDependencies) = postProject
		{557441ED-474B-4F06-9648-01BE5AFAC4A0} = {557441ED-474B-4F06-9648-01BE5AFAC4A0}
	EndProjectSection
EndProject
Project("{8BC9CEB8-8B4A-11D0-8D11-00A0C91BC942}") = "test12", "test12\test12.vcxproj", "{93B9D9C6-301C-4564-B52B-ABB9D0282B9F}"
	ProjectSection(ProjectDependencies) = postProject
		{557441ED-474B-4F06-9648-01BE5AFAC4A0} = {557441ED-474B-4F06-9648-01BE5AFAC4A0}
	EndProjectSection
EndProject
Project("{8BC9CEB8-8B4A-11D0-8D11-00A0C91BC942}") = "plgstb_image", "plgstb_image\plgstb_image.vcxproj", "{A3881309-3C9F-493F-B1D4-62BF107EFEC7}"
EndProject
Project("{8BC9CEB8-8B4A-11D0-8D11-00A0C91BC942}") = "plgstb_vorbis", "plgstb_vorbis\plgstb_vorbis.vcxproj", "{29DCC5FD-26E0-4796-931A-27A35A83445A}"
EndProject
Project("{8BC9CEB8-8B4A-11D0-8D11-00A0C91BC942}") = "test11", "test11\test11.vcxproj", "{916363A3-1D32-4565-B04C-C4826D8EE1AA}"
	ProjectSection(ProjectDependencies) = postProject
		{557441ED-474B-4F06-9648-01BE5AFAC4A0} = {557441ED-474B-4F06-9648-01BE5AFAC4A0}
	EndProjectSection
EndProject
Project("{8BC9CEB8-8B4A-11D0-8D11-00A0C91BC942}") = "test13", "test13\test13.vcxproj", "{AD7DF42B-5F69-42DE-8CF2-6AD4EB030107}"
	ProjectSection(ProjectDependencies) = postProject
		{557441ED-474B-4F06-9648-01BE5AFAC4A0} = {557441ED-474B-4F06-9648-01BE5AFAC4A0}
	EndProjectSection
EndProject
Project("{8BC9CEB8-8B4A-11D0-8D11-00A0C91BC942}") = "test_stb_easy_font", "test_stb_easy_font\test_stb_easy_font.vcxproj", "{ED84BD30-F2B0-4526-B07A-86A2C1BD6147}"
	ProjectSection(ProjectDependencies) = postProject
		{557441ED-474B-4F06-9648-01BE5AFAC4A0} = {557441ED-474B-4F06-9648-01BE5AFAC4A0}
	EndProjectSection
EndProject
Project("{8BC9CEB8-8B4A-11D0-8D11-00A0C91BC942}") = "test14", "test14\test14.vcxproj", "{5EA8F148-BCA8-4977-B3D4-3D31478B0967}"
	ProjectSection(ProjectDependencies) = postProject
		{557441ED-474B-4F06-9648-01BE5AFAC4A0} = {557441ED-474B-4F06-9648-01BE5AFAC4A0}
	EndProjectSection
EndProject
Project("{8BC9CEB8-8B4A-11D0-8D11-00A0C91BC942}") = "audioplayer", "audioplayer\audioplayer.vcxproj", "{30A4CFAA-7011-4150-BCCB-1CE4FE023EF9}"
	ProjectSection(ProjectDependencies) = postProject
		{557441ED-474B-4F06-9648-01BE5AFAC4A0} = {557441ED-474B-4F06-9648-01BE5AFAC4A0}
	EndProjectSection
EndProject
Project("{8BC9CEB8-8B4A-11D0-8D11-00A0C91BC942}") = "autotest1", "autotest1\autotest1.vcxproj", "{97B724BC-FC56-43B1-9974-4621E8E07607}"
	ProjectSection(ProjectDependencies) = postProject
		{557441ED-474B-4F06-9648-01BE5AFAC4A0} = {557441ED-474B-4F06-9648-01BE5AFAC4A0}
	EndProjectSection
EndProject
Project("{8BC9CEB8-8B4A-11D0-8D11-00A0C91BC942}") = "test15", "test15\test15.vcxproj", "{328091F2-B006-4C9D-8F78-F6837488A9B3}"
	ProjectSection(ProjectDependencies) = postProject
		{557441ED-474B-4F06-9648-01BE5AFAC4A0} = {557441ED-474B-4F06-9648-01BE5AFAC4A0}
	EndProjectSection
EndProject
Project("{8BC9CEB8-8B4A-11D0-8D11-00A0C91BC942}") = "autotest2", "autotest2\autotest2.vcxproj", "{32745C0B-529F-4CEA-B081-B8E38A915F0F}"
EndProject
Project("{8BC9CEB8-8B4A-11D0-8D11-00A0C91BC942}") = "autotest3", "autotest3\autotest3.vcxproj", "{6919DB7D-A119-4E37-BF38-E9F806E31D6E}"
EndProject
Project("{8BC9CEB8-8B4A-11D0-8D11-00A0C91BC942}") = "filecopy", "filecopy\filecopy.vcxproj", "{CB05ED64-7178-4128-A290-031CE861F299}"
	ProjectSection(ProjectDependencies) = postProject
		{557441ED-474B-4F06-9648-01BE5AFAC4A0} = {557441ED-474B-4F06-9648-01BE5AFAC4A0}
	EndProjectSection
EndProject
Project("{8BC9CEB8-8B4A-11D0-8D11-00A0C91BC942}") = "imageviewer", "imageviewer\imageviewer.vcxproj", "{57F47D9E-DA87-4797-89DF-D8B49ED70863}"
	ProjectSection(ProjectDependencies) = postProject
		{557441ED-474B-4F06-9648-01BE5AFAC4A0} = {557441ED-474B-4F06-9648-01BE5AFAC4A0}
	EndProjectSection
EndProject
Global
	GlobalSection(SolutionConfigurationPlatforms) = preSolution
		Debug|ARM64 = Debug|ARM64
		Debug|Win32 = Debug|Win32
		Debug|x64 = Debug|x64
		Release|ARM64 = Release|ARM64
		Release|Win32 = Release|Win32
		Release|x64 = Release|x64
	EndGlobalSection
	GlobalSection(ProjectConfigurationPlatforms) = postSolution
		{557441ED-474B-4F06-9648-01BE5AFAC4A0}.Debug|ARM64.ActiveCfg = Debug|ARM64
		{557441ED-474B-4F06-9648-01BE5AFAC4A0}.Debug|ARM64.Build.0 = Debug|ARM64
		{557441ED-474B-4F06-9648-01BE5AFAC4A0}.Debug|Win32.ActiveCfg = Debug|Win32
		{557441ED-474B-4F06-9648-01BE5AFAC4A0}.Debug|Win32.Build.0 = Debug|Win32
		{557441ED-474B-4F06-9648-01BE5AFAC4A0}.Debug|x64.ActiveCfg = Debug|x64
		{557441ED-474B-4F06-9648-01BE5AFAC4A0}.Debug|x64.Build.0 = Debug|x64
		{557441ED-474B-4F06-9648-01BE5AFAC4A0}.Release|ARM64.ActiveCfg = Release|ARM64
		{557441ED-474B-4F06-9648-01BE5AFAC4A0}.Release|ARM64.Build.0 = Release|ARM64
		{557441ED-474B-4F06-9648-01BE5AFAC4A0}.Release|Win32.ActiveCfg = Release|Win32
		{557441ED-474B-4F06-9648-01BE5AFAC4A0}.Release|Win32.Build.0 = Release|Win32
		{557441ED-474B-4F06-9648-01BE5AFAC4A0}.Release|x64.ActiveCfg = Release|x64
		{557441ED-474B-4F06-9648-01BE5AFAC4A0}.Release|x64.Build.0 = Release|x64
		{C9B7E309-DEC0-4796-B6FC-AFEF3FC4BA3A}.Debug|ARM64.ActiveCfg = Debug|ARM64
		{C9B7E309-DEC0-4796-B6FC-AFEF3FC4BA3A}.Debug|ARM64.Build.0 = Debug|ARM64
		{C9B7E309-DEC0-4796-B6FC-AFEF3FC4BA3A}.Debug|Win32.ActiveCfg = Debug|Win32
		{C9B7E309-DEC0-4796-B6FC-AFEF3FC4BA3A}.Debug|Win32.Build.0 = Debug|Win32
		{C9B7E309-DEC0-4796-B6FC-AFEF3FC4BA3A}.Debug|x64.ActiveCfg = Debug|x64
		{C9B7E309-DEC0-4796-B6FC-AFEF3FC4BA3A}.Debug|x64.Build.0 = Debug|x64
		{C9B7E309-DEC0-4796-B6FC-AFEF3FC4BA3A}.Release|ARM64.ActiveCfg = Release|ARM64
		{C9B7E309-DEC0-4796-B6FC-AFEF3FC4BA3A}.Release|ARM64.Build.0 = Release|ARM64
		{C9B7E309-DEC0-4796-B6FC-AFEF3FC4BA3A}.Release|Win32.ActiveCfg = Release|Win32
		{C9B7E309-DEC0-4796-B6FC-AFEF3FC4BA3A}.Release|Win32.Build.0 = Release|Win32
		{C9B7E309-DEC0-4796-B6FC-AFEF3FC4BA3A}.Release|x64.ActiveCfg = Release|x64
		{C9B7E309-DEC0-4796-B6FC-AFEF3FC4BA3A}.Release|x64.Build.0 = Release|x64
		{A5F9BCA4-9F0A-4065-8117-1C820474C1F1}.Debug|ARM64.ActiveCfg = Debug|ARM64
		{A5F9BCA4-9F0A-4065-8117-1C820474C1F1}.Debug|Win32.ActiveCfg = Debug|Win32
		{A5F9BCA4-9F0A-4065-8117-1C820474C1F1}.Debug|Win32.Build.0 = Debug|Win32
		{A5F9BCA4-9F0A-4065-8117-1C820474C1F1}.Debug|x64.ActiveCfg = Debug|x64
		{A5F9BCA4-9F0A-4065-8117-1C820474C1F1}.Debug|x64.Build.0 = Debug|x64
		{A5F9BCA4-9F0A-4065-8117-1C820474C1F1}.Release|ARM64.ActiveCfg = Release|ARM64
		{A5F9BCA4-9F0A-4065-8117-1C820474C1F1}.Release|Win32.ActiveCfg = Release|Win32
		{A5F9BCA4-9F0A-4065-8117-1C820474C1F1}.Release|Win32.Build.0 = Release|Win32
		{A5F9BCA4-9F0A-4065-8117-1C820474C1F1}.Release|x64.ActiveCfg = Release|x64
		{A5F9BCA4-9F0A-4065-8117-1C820474C1F1}.Release|x64.Build.0 = Release|x64
		{C95D7C66-C623-4BF9-A373-910E391BA1F4}.Debug|ARM64.ActiveCfg = Debug|ARM64
		{C95D7C66-C623-4BF9-A373-910E391BA1F4}.Debug|ARM64.Build.0 = Debug|ARM64
		{C95D7C66-C623-4BF9-A373-910E391BA1F4}.Debug|Win32.ActiveCfg = Debug|Win32
		{C95D7C66-C623-4BF9-A373-910E391BA1F4}.Debug|Win32.Build.0 = Debug|Win32
		{C95D7C66-C623-4BF9-A373-910E391BA1F4}.Debug|x64.ActiveCfg = Debug|x64
		{C95D7C66-C623-4BF9-A373-910E391BA1F4}.Debug|x64.Build.0 = Debug|x64
		{C95D7C66-C623-4BF9-A373-910E391BA1F4}.Release|ARM64.ActiveCfg = Release|ARM64
		{C95D7C66-C623-4BF9-A373-910E391BA1F4}.Release|ARM64.Build.0 = Release|ARM64
		{C95D7C66-C623-4BF9-A373-910E391BA1F4}.Release|Win32.ActiveCfg = Release|Win32
		{C95D7C66-C623-4BF9-A373-910E391BA1F4}.Release|Win32.Build.0 = Release|Win32
		{C95D7C66-C623-4BF9-A373-910E391BA1F4}.Release|x64.ActiveCfg = Release|x64
		{C95D7C66-C623-4BF9-A373-910E391BA1F4}.Release|x64.Build.0 = Release|x64
		{C2DC6FA3-9387-44DD-A462-04E75B15A0C5}.Debug|ARM64.ActiveCfg = Debug|ARM64
		{C2DC6FA3-9387-44DD-A462-04E75B15A0C5}.Debug|ARM64.Build.0 = Debug|ARM64
		{C2DC6FA3-9387-44DD-A462-04E75B15A0C5}.Debug|Win32.ActiveCfg = Debug|Win32
		{C2DC6FA3-9387-44DD-A462-04E75B15A0C5}.Debug|Win32.Build.0 = Debug|Win32
		{C2DC6FA3-9387-44DD-A462-04E75B15A0C5}.Debug|x64.ActiveCfg = Debug|x64
		{C2DC6FA3-9387-44DD-A462-04E75B15A0C5}.Debug|x64.Build.0 = Debug|x64
		{C2DC6FA3-9387-44DD-A462-04E75B15A0C5}.Release|ARM64.ActiveCfg = Release|ARM64
		{C2DC6FA3-9387-44DD-A462-04E75B15A0C5}.Release|ARM64.Build.0 = Release|ARM64
		{C2DC6FA3-9387-44DD-A462-04E75B15A0C5}.Release|Win32.ActiveCfg = Release|Win32
		{C2DC6FA3-9387-44DD-A462-04E75B15A0C5}.Release|Win32.Build.0 = Release|Win32
		{C2DC6FA3-9387-44DD-A462-04E75B15A0C5}.Release|x64.ActiveCfg = Release|x64
		{C2DC6FA3-9387-44DD-A462-04E75B15A0C5}.Release|x64.Build.0 = Release|x64
		{DF79BF75-7389-467D-B38B-FE23FE988025}.Debug|ARM64.ActiveCfg = Debug|ARM64
		{DF79BF75-7389-467D-B38B-FE23FE988025}.Debug|ARM64.Build.0 = Debug|ARM64
		{DF79BF75-7389-467D-B38B-FE23FE988025}.Debug|Win32.ActiveCfg = Debug|Win32
		{DF79BF75-7389-467D-B38B-FE23FE988025}.Debug|Win32.Build.0 = Debug|Win32
		{DF79BF75-7389-467D-B38B-FE23FE988025}.Debug|x64.ActiveCfg = Debug|x64
		{DF79BF75-7389-467D-B38B-FE23FE988025}.Debug|x64.Build.0 = Debug|x64
		{DF79BF75-7389-467D-B38B-FE23FE988025}.Release|ARM64.ActiveCfg = Release|ARM64
		{DF79BF75-7389-467D-B38B-FE23FE988025}.Release|ARM64.Build.0 = Release|ARM64
		{DF79BF75-7389-467D-B38B-FE23FE988025}.Release|Win32.ActiveCfg = Release|Win32
		{DF79BF75-7389-467D-B38B-FE23FE988025}.Release|Win32.Build.0 = Release|Win32
		{DF79BF75-7389-467D-B38B-FE23FE988025}.Release|x64.ActiveCfg = Release|x64
		{DF79BF75-7389-467D-B38B-FE23FE988025}.Release|x64.Build.0 = Release|x64
		{DD6E665F-0D17-4BAE-B622-658A2B662BDF}.Debug|ARM64.ActiveCfg = Debug|ARM64
		{DD6E665F-0D17-4BAE-B622-658A2B662BDF}.Debug|ARM64.Build.0 = Debug|ARM64
		{DD6E665F-0D17-4BAE-B622-658A2B662BDF}.Debug|Win32.ActiveCfg = Debug|Win32
		{DD6E665F-0D17-4BAE-B622-658A2B662BDF}.Debug|Win32.Build.0 = Debug|Win32
		{DD6E665F-0D17-4BAE-B622-658A2B662BDF}.Debug|x64.ActiveCfg = Debug|x64
		{DD6E665F-0D17-4BAE-B622-658A2B662BDF}.Debug|x64.Build.0 = Debug|x64
		{DD6E665F-0D17-4BAE-B622-658A2B662BDF}.Release|ARM64.ActiveCfg = Release|ARM64
		{DD6E665F-0D17-4BAE-B622-658A2B662BDF}.Release|ARM64.Build.0 = Release|ARM64
		{DD6E665F-0D17-4BAE-B622-658A2B662BDF}.Release|Win32.ActiveCfg = Release|Win32
		{DD6E665F-0D17-4BAE-B622-658A2B662BDF}.Release|Win32.Build.0 = Release|Win32
		{DD6E665F-0D17-4BAE-B622-658A2B662BDF}.Release|x64.ActiveCfg = Release|x64
		{DD6E665F-0D17-4BAE-B622-658A2B662BDF}.Release|x64.Build.0 = Release|x64
		{517ADF65-F8E9-46FA-8976-780692D8698A}.Debug|ARM64.ActiveCfg = Debug|ARM64
		{517ADF65-F8E9-46FA-8976-780692D8698A}.Debug|ARM64.Build.0 = Debug|ARM64
		{517ADF65-F8E9-46FA-8976-780692D8698A}.Debug|Win32.ActiveCfg = Debug|Win32
		{517ADF65-F8E9-46FA-8976-780692D8698A}.Debug|Win32.Build.0 = Debug|Win32
		{517ADF65-F8E9-46FA-8976-780692D8698A}.Debug|x64.ActiveCfg = Debug|x64
		{517ADF65-F8E9-46FA-8976-780692D8698A}.Debug|x64.Build.0 = Debug|x64
		{517ADF65-F8E9-46FA-8976-780692D8698A}.Release|ARM64.ActiveCfg = Release|ARM64
		{517ADF65-F8E9-46FA-8976-780692D8698A}.Release|ARM64.Build.0 = Release|ARM64
		{517ADF65-F8E9-46FA-8976-780692D8698A}.Release|Win32.ActiveCfg = Release|Win32
		{517ADF65-F8E9-46FA-8976-780692D8698A}.Release|Win32.Build.0 = Release|Win32
		{517ADF65-F8E9-46FA-8976-780692D8698A}.Release|x64.ActiveCfg = Release|x64
		{517ADF65-F8E9-46FA-8976-780692D8698A}.Release|x64.Build.0 = Release|x64
		{83BD8DBF-999C-4DE4-8D97-09AC871B9B56}.Debug|ARM64.ActiveCfg = Debug|ARM64
		{83BD8DBF-999C-4DE4-8D97-09AC871B9B56}.Debug|ARM64.Build.0 = Debug|ARM64
		{83BD8DBF-999C-4DE4-8D97-09AC871B9B56}.Debug|Win32.ActiveCfg = Debug|Win32
		{83BD8DBF-999C-4DE4-8D97-09AC871B9B56}.Debug|Win32.Build.0 = Debug|Win32
		{83BD8DBF-999C-4DE4-8D97-09AC871B9B56}.Debug|x64.ActiveCfg = Debug|x64
		{83BD8DBF-999C-4DE4-8D97-09AC871B9B56}.Debug|x64.Build.0 = Debug|x64
		{83BD8DBF-999C-4DE4-8D97-09AC871B9B56}.Release|ARM64.ActiveCfg = Release|ARM64
		{83BD8DBF-999C-4DE4-8D97-09AC871B9B56}.Release|ARM64.Build.0 = Release|ARM64
		{83BD8DBF-999C-4DE4-8D97-09AC871B9B56}.Release|Win32.ActiveCfg = Release|Win32
		{83BD8DBF-999C-4DE4-8D97-09AC871B9B56}.Release|Win32.Build.0 = Release|Win32
		{83BD8DBF-999C-4DE4-8D97-09AC871B9B56}.Release|x64.ActiveCfg = Release|x64
		{83BD8DBF-999C-4DE4-8D97-09AC871B9B56}.Release|x64.Build.0 = Release|x64
		{2EB7E7C9-3843-4FA6-B34C-D5430D76DF40}.Debug|ARM64.ActiveCfg = Debug|ARM64
		{2EB7E7C9-3843-4FA6-B34C-D5430D76DF40}.Debug|ARM64.Build.0 = Debug|ARM64
		{2EB7E7C9-3843-4FA6-B34C-D5430D76DF40}.Debug|Win32.ActiveCfg = Debug|Win32
		{2EB7E7C9-3843-4FA6-B34C-D5430D76DF40}.Debug|Win32.Build.0 = Debug|Win32
		{2EB7E7C9-3843-4FA6-B34C-D5430D76DF40}.Debug|x64.ActiveCfg = Debug|x64
		{2EB7E7C9-3843-4FA6-B34C-D5430D76DF40}.Debug|x64.Build.0 = Debug|x64
		{2EB7E7C9-3843-4FA6-B34C-D5430D76DF40}.Release|ARM64.ActiveCfg = Release|ARM64
		{2EB7E7C9-3843-4FA6-B34C-D5430D76DF40}.Release|ARM64.Build.0 = Release|ARM64
		{2EB7E7C9-3843-4FA6-B34C-D5430D76DF40}.Release|Win32.ActiveCfg = Release|Win32
		{2EB7E7C9-3843-4FA6-B34C-D5430D76DF40}.Release|Win32.Build.0 = Release|Win32
		{2EB7E7C9-3843-4FA6-B34C-D5430D76DF40}.Release|x64.ActiveCfg = Release|x64
		{2EB7E7C9-3843-4FA6-B34C-D5430D76DF40}.Release|x64.Build.0 = Release|x64
		{4C486C3A-3D3D-4F3D-A404-C153B4EE840C}.Debug|ARM64.ActiveCfg = Debug|ARM64
		{4C486C3A-3D3D-4F3D-A404-C153B4EE840C}.Debug|ARM64.Build.0 = Debug|ARM64
		{4C486C3A-3D3D-4F3D-A404-C153B4EE840C}.Debug|Win32.ActiveCfg = Debug|Win32
		{4C486C3A-3D3D-4F3D-A404-C153B4EE840C}.Debug|Win32.Build.0 = Debug|Win32
		{4C486C3A-3D3D-4F3D-A404-C153B4EE840C}.Debug|x64.ActiveCfg = Debug|x64
		{4C486C3A-3D3D-4F3D-A404-C153B4EE840C}.Debug|x64.Build.0 = Debug|x64
		{4C486C3A-3D3D-4F3D-A404-C153B4EE840C}.Release|ARM64.ActiveCfg = Release|ARM64
		{4C486C3A-3D3D-4F3D-A404-C153B4EE840C}.Release|ARM64.Build.0 = Release|ARM64
		{4C486C3A-3D3D-4F3D-A404-C153B4EE840C}.Release|Win32.ActiveCfg = Release|Win32
		{4C486C3A-3D3D-4F3D-A404-C153B4EE840C}.Release|Win32.Build.0 = Release|Win32
		{4C486C3A-3D3D-4F3D-A404-C153B4EE840C}.Release|x64.ActiveCfg = Release|x64
		{4C486C3A-3D3D-4F3D-A404-C153B4EE840C}.Release|x64.Build.0 = Release|x64
		{B2780879-FABE-4ADB-AA31-2334836A56A5}.Debug|ARM64.ActiveCfg = Debug|ARM64
		{B2780879-FABE-4ADB-AA31-2334836A56A5}.Debug|ARM64.Build.0 = Debug|ARM64
		{B2780879-FABE-4ADB-AA31-2334836A56A5}.Debug|Win32.ActiveCfg = Debug|Win32
		{B2780879-FABE-4ADB-AA31-2334836A56A5}.Debug|Win32.Build.0 = Debug|Win32
		{B2780879-FABE-4ADB-AA31-2334836A56A5}.Debug|x64.ActiveCfg = Debug|x64
		{B2780879-FABE-4ADB-AA31-2334836A56A5}.Debug|x64.Build.0 = Debug|x64
		{B2780879-FABE-4ADB-AA31-2334836A56A5}.Release|ARM64.ActiveCfg = Release|ARM64
		{B2780879-FABE-4ADB-AA31-2334836A56A5}.Release|ARM64.Build.0 = Release|ARM64
		{B2780879-FABE-4ADB-AA31-2334836A56A5}.Release|Win32.ActiveCfg = Release|Win32
		{B2780879-FABE-4ADB-AA31-2334836A56A5}.Release|Win32.Build.0 = Release|Win32
		{B2780879-FABE-4ADB-AA31-2334836A56A5}.Release|x64.ActiveCfg = Release|x64
		{B2780879-FABE-4ADB-AA31-2334836A56A5}.Release|x64.Build.0 = Release|x64
		{3DB2FBD1-6ACB-4940-99E8-E639001CE752}.Debug|ARM64.ActiveCfg = Debug|ARM64
		{3DB2FBD1-6ACB-4940-99E8-E639001CE752}.Debug|ARM64.Build.0 = Debug|ARM64
		{3DB2FBD1-6ACB-4940-99E8-E639001CE752}.Debug|Win32.ActiveCfg = Debug|Win32
		{3DB2FBD1-6ACB-4940-99E8-E639001CE752}.Debug|Win32.Build.0 = Debug|Win32
		{3DB2FBD1-6ACB-4940-99E8-E639001CE752}.Debug|x64.ActiveCfg = Debug|x64
		{3DB2FBD1-6ACB-4940-99E8-E639001CE752}.Debug|x64.Build.0 = Debug|x64
		{3DB2FBD1-6ACB-4940-99E8-E639001CE752}.Release|ARM64.ActiveCfg = Release|ARM64
		{3DB2FBD1-6ACB-4940-99E8-E639001CE752}.Release|ARM64.Build.0 = Release|ARM64
		{3DB2FBD1-6ACB-4940-99E8-E639001CE752}.Release|Win32.ActiveCfg = Release|Win32
		{3DB2FBD1-6ACB-4940-99E8-E639001CE752}.Release|Win32.Build.0 = Release|Win32
		{3DB2FBD1-6ACB-4940-99E8-E639001CE752}.Release|x64.ActiveCfg = Release|x64
		{3DB2FBD1-6ACB-4940-99E8-E639001CE752}.Release|x64.Build.0 = Release|x64
		{9BCEBB08-184D-4E72-8A7E-8C7381897794}.Debug|ARM64.ActiveCfg = Debug|ARM64
		{9BCEBB08-184D-4E72-8A7E-8C7381897794}.Debug|ARM64.Build.0 = Debug|ARM64
		{9BCEBB08-184D-4E72-8A7E-8C7381897794}.Debug|Win32.ActiveCfg = Debug|Win32
		{9BCEBB08-184D-4E72-8A7E-8C7381897794}.Debug|Win32.Build.0 = Debug|Win32
		{9BCEBB08-184D-4E72-8A7E-8C7381897794}.Debug|x64.ActiveCfg = Debug|x64
		{9BCEBB08-184D-4E72-8A7E-8C7381897794}.Debug|x64.Build.0 = Debug|x64
		{9BCEBB08-184D-4E72-8A7E-8C7381897794}.Release|ARM64.ActiveCfg = Release|ARM64
		{9BCEBB08-184D-4E72-8A7E-8C7381897794}.Release|ARM64.Build.0 = Release|ARM64
		{9BCEBB08-184D-4E72-8A7E-8C7381897794}.Release|Win32.ActiveCfg = Release|Win32
		{9BCEBB08-184D-4E72-8A7E-8C7381897794}.Release|Win32.Build.0 = Release|Win32
		{9BCEBB08-184D-4E72-8A7E-8C7381897794}.Release|x64.ActiveCfg = Release|x64
		{9BCEBB08-184D-4E72-8A7E-8C7381897794}.Release|x64.Build.0 = Release|x64
		{A42A3F69-0295-4EB4-9F04-D1502342DA68}.Debug|ARM64.ActiveCfg = Debug|ARM64
		{A42A3F69-0295-4EB4-9F04-D1502342DA68}.Debug|Win32.ActiveCfg = Debug|Win32
		{A42A3F69-0295-4EB4-9F04-D1502342DA68}.Debug|Win32.Build.0 = Debug|Win32
		{A42A3F69-0295-4EB4-9F04-D1502342DA68}.Debug|x64.ActiveCfg = Debug|x64
		{A42A3F69-0295-4EB4-9F04-D1502342DA68}.Debug|x64.Build.0 = Debug|x64
		{A42A3F69-0295-4EB4-9F04-D1502342DA68}.Release|ARM64.ActiveCfg = Release|ARM64
		{A42A3F69-0295-4EB4-9F04-D1502342DA68}.Release|Win32.ActiveCfg = Release|Win32
		{A42A3F69-0295-4EB4-9F04-D1502342DA68}.Release|Win32.Build.0 = Release|Win32
		{A42A3F69-0295-4EB4-9F04-D1502342DA68}.Release|x64.ActiveCfg = Release|x64
		{A42A3F69-0295-4EB4-9F04-D1502342DA68}.Release|x64.Build.0 = Release|x64
		{CCB7245E-8A3C-4206-88A1-CDB726789F72}.Debug|ARM64.ActiveCfg = Debug|ARM64
		{CCB7245E-8A3C-4206-88A1-CDB726789F72}.Debug|ARM64.Build.0 = Debug|ARM64
		{CCB7245E-8A3C-4206-88A1-CDB726789F72}.Debug|Win32.ActiveCfg = Debug|Win32
		{CCB7245E-8A3C-4206-88A1-CDB726789F72}.Debug|Win32.Build.0 = Debug|Win32
		{CCB7245E-8A3C-4206-88A1-CDB726789F72}.Debug|x64.ActiveCfg = Debug|x64
		{CCB7245E-8A3C-4206-88A1-CDB726789F72}.Debug|x64.Build.0 = Debug|x64
		{CCB7245E-8A3C-4206-88A1-CDB726789F72}.Release|ARM64.ActiveCfg = Release|ARM64
		{CCB7245E-8A3C-4206-88A1-CDB726789F72}.Release|ARM64.Build.0 = Release|ARM64
		{CCB7245E-8A3C-4206-88A1-CDB726789F72}.Release|Win32.ActiveCfg = Release|Win32
		{CCB7245E-8A3C-4206-88A1-CDB726789F72}.Release|Win32.Build.0 = Release|Win32
		{CCB7245E-8A3C-4206-88A1-CDB726789F72}.Release|x64.ActiveCfg = Release|x64
		{CCB7245E-8A3C-4206-88A1-CDB726789F72}.Release|x64.Build.0 = Release|x64
		{62F7343E-5FEB-4FAC-BF54-A55F3449094E}.Debug|ARM64.ActiveCfg = Debug|ARM64
		{62F7343E-5FEB-4FAC-BF54-A55F3449094E}.Debug|ARM64.Build.0 = Debug|ARM64
		{62F7343E-5FEB-4FAC-BF54-A55F3449094E}.Debug|Win32.ActiveCfg = Debug|Win32
		{62F7343E-5FEB-4FAC-BF54-A55F3449094E}.Debug|Win32.Build.0 = Debug|Win32
		{62F7343E-5FEB-4FAC-BF54-A55F3449094E}.Debug|x64.ActiveCfg = Debug|x64
		{62F7343E-5FEB-4FAC-BF54-A55F3449094E}.Debug|x64.Build.0 = Debug|x64
		{62F7343E-5FEB-4FAC-BF54-A55F3449094E}.Release|ARM64.ActiveCfg = Release|ARM64
		{62F7343E-5FEB-4FAC-BF54-A55F3449094E}.Release|ARM64.Build.0 = Release|ARM64
		{62F7343E-5FEB-4FAC-BF54-A55F3449094E}.Release|Win32.ActiveCfg = Release|Win32
		{62F7343E-5FEB-4FAC-BF54-A55F3449094E}.Release|Win32.Build.0 = Release|Win32
		{62F7343E-5FEB-4FAC-BF54-A55F3449094E}.Release|x64.ActiveCfg = Release|x64
		{62F7343E-5FEB-4FAC-BF54-A55F3449094E}.Release|x64.Build.0 = Release|x64
		{F01045A7-2FA0-4268-ADB2-07E0296B3F10}.Debug|ARM64.ActiveCfg = Debug|ARM64
		{F01045A7-2FA0-4268-ADB2-07E0296B3F10}.Debug|ARM64.Build.0 = Debug|ARM64
		{F01045A7-2FA0-4268-ADB2-07E0296B3F10}.Debug|Win32.ActiveCfg = Debug|Win32
		{F01045A7-2FA0-4268-ADB2-07E0296B3F10}.Debug|Win32.Build.0 = Debug|Win32
		{F01045A7-2FA0-4268-ADB2-07E0296B3F10}.Debug|x64.ActiveCfg = Debug|x64
		{F01045A7-2FA0-4268-ADB2-07E0296B3F10}.Debug|x64.Build.0 = Debug|x64
		{F01045A7-2FA0-4268-ADB2-07E0296B3F10}.Release|ARM64.ActiveCfg = Release|ARM64
		{F01045A7-2FA0-4268-ADB2-07E0296B3F10}.Release|ARM64.Build.0 = Release|ARM64
		{F01045A7-2FA0-4268-ADB2-07E0296B3F10}.Release|Win32.ActiveCfg = Release|Win32
		{F01045A7-2FA0-4268-ADB2-07E0296B3F10}.Release|Win32.Build.0 = Release|Win32
		{F01045A7-2FA0-4268-ADB2-07E0296B3F10}.Release|x64.ActiveCfg = Release|x64
		{F01045A7-2FA0-4268-ADB2-07E0296B3F10}.Release|x64.Build.0 = Release|x64
		{899BC2F3-598C-4E84-8488-E08F967A5A3A}.Debug|ARM64.ActiveCfg = Debug|ARM64
		{899BC2F3-598C-4E84-8488-E08F967A5A3A}.Debug|ARM64.Build.0 = Debug|ARM64
		{899BC2F3-598C-4E84-8488-E08F967A5A3A}.Debug|Win32.ActiveCfg = Debug|Win32
		{899BC2F3-598C-4E84-8488-E08F967A5A3A}.Debug|Win32.Build.0 = Debug|Win32
		{899BC2F3-598C-4E84-8488-E08F967A5A3A}.Debug|x64.ActiveCfg = Debug|x64
		{899BC2F3-598C-4E84-8488-E08F967A5A3A}.Debug|x64.Build.0 = Debug|x64
		{899BC2F3-598C-4E84-8488-E08F967A5A3A}.Release|ARM64.ActiveCfg = Release|ARM64
		{899BC2F3-598C-4E84-8488-E08F967A5A3A}.Release|ARM64.Build.0 = Release|ARM64
		{899BC2F3-598C-4E84-8488-E08F967A5A3A}.Release|Win32.ActiveCfg = Release|Win32
		{899BC2F3-598C-4E84-8488-E08F967A5A3A}.Release|Win32.Build.0 = Release|Win32
		{899BC2F3-598C-4E84-8488-E08F967A5A3A}.Release|x64.ActiveCfg = Release|x64
		{899BC2F3-598C-4E84-8488-E08F967A5A3A}.Release|x64.Build.0 = Release|x64
		{A3FD1A53-C3FD-468F-8E6F-652DC7AC745E}.Debug|ARM64.ActiveCfg = Debug|ARM64
		{A3FD1A53-C3FD-468F-8E6F-652DC7AC745E}.Debug|Win32.ActiveCfg = Debug|Win32
		{A3FD1A53-C3FD-468F-8E6F-652DC7AC745E}.Debug|Win32.Build.0 = Debug|Win32
		{A3FD1A53-C3FD-468F-8E6F-652DC7AC745E}.Debug|x64.ActiveCfg = Debug|Win32
		{A3FD1A53-C3FD-468F-8E6F-652DC7AC745E}.Release|ARM64.ActiveCfg = Release|ARM64
		{A3FD1A53-C3FD-468F-8E6F-652DC7AC745E}.Release|Win32.ActiveCfg = Release|Win32
		{A3FD1A53-C3FD-468F-8E6F-652DC7AC745E}.Release|Win32.Build.0 = Release|Win32
		{A3FD1A53-C3FD-468F-8E6F-652DC7AC745E}.Release|x64.ActiveCfg = Release|Win32
		{F91EBE43-9D1D-4E78-B5E0-DF4857EEA31E}.Debug|ARM64.ActiveCfg = Debug|ARM64
		{F91EBE43-9D1D-4E78-B5E0-DF4857EEA31E}.Debug|Win32.ActiveCfg = Debug|Win32
		{F91EBE43-9D1D-4E78-B5E0-DF4857EEA31E}.Debug|Win32.Build.0 = Debug|Win32
		{F91EBE43-9D1D-4E78-B5E0-DF4857EEA31E}.Debug|x64.ActiveCfg = Debug|x64
		{F91EBE43-9D1D-4E78-B5E0-DF4857EEA31E}.Debug|x64.Build.0 = Debug|x64
		{F91EBE43-9D1D-4E78-B5E0-DF4857EEA31E}.Release|ARM64.ActiveCfg = Release|ARM64
		{F91EBE43-9D1D-4E78-B5E0-DF4857EEA31E}.Release|Win32.ActiveCfg = Release|Win32
		{F91EBE43-9D1D-4E78-B5E0-DF4857EEA31E}.Release|Win32.Build.0 = Release|Win32
		{F91EBE43-9D1D-4E78-B5E0-DF4857EEA31E}.Release|x64.ActiveCfg = Release|x64
		{F91EBE43-9D1D-4E78-B5E0-DF4857EEA31E}.Release|x64.Build.0 = Release|x64
		{9E695AA1-4EEF-4A3E-B790-B840A6233753}.Debug|ARM64.ActiveCfg = Debug|ARM64
		{9E695AA1-4EEF-4A3E-B790-B840A6233753}.Debug|ARM64.Build.0 = Debug|ARM64
		{9E695AA1-4EEF-4A3E-B790-B840A6233753}.Debug|Win32.ActiveCfg = Debug|Win32
		{9E695AA1-4EEF-4A3E-B790-B840A6233753}.Debug|Win32.Build.0 = Debug|Win32
		{9E695AA1-4EEF-4A3E-B790-B840A6233753}.Debug|x64.ActiveCfg = Debug|x64
		{9E695AA1-4EEF-4A3E-B790-B840A6233753}.Debug|x64.Build.0 = Debug|x64
		{9E695AA1-4EEF-4A3E-B790-B840A6233753}.Release|ARM64.ActiveCfg = Release|ARM64
		{9E695AA1-4EEF-4A3E-B790-B840A6233753}.Release|ARM64.Build.0 = Release|ARM64
		{9E695AA1-4EEF-4A3E-B790-B840A6233753}.Release|Win32.ActiveCfg = Release|Win32
		{9E695AA1-4EEF-4A3E-B790-B840A6233753}.Release|Win32.Build.0 = Release|Win32
		{9E695AA1-4EEF-4A3E-B790-B840A6233753}.Release|x64.ActiveCfg = Release|x64
		{9E695AA1-4EEF-4A3E-B790-B840A6233753}.Release|x64.Build.0 = Release|x64
		{ABC7CB54-CE9E-4506-93A0-329BE76C3A10}.Debug|ARM64.ActiveCfg = Debug|ARM64
		{ABC7CB54-CE9E-4506-93A0-329BE76C3A10}.Debug|ARM64.Build.0 = Debug|ARM64
		{ABC7CB54-CE9E-4506-93A0-329BE76C3A10}.Debug|Win32.ActiveCfg = Debug|Win32
		{ABC7CB54-CE9E-4506-93A0-329BE76C3A10}.Debug|Win32.Build.0 = Debug|Win32
		{ABC7CB54-CE9E-4506-93A0-329BE76C3A10}.Debug|x64.ActiveCfg = Debug|x64
		{ABC7CB54-CE9E-4506-93A0-329BE76C3A10}.Debug|x64.Build.0 = Debug|x64
		{ABC7CB54-CE9E-4506-93A0-329BE76C3A10}.Release|ARM64.ActiveCfg = Release|ARM64
		{ABC7CB54-CE9E-4506-93A0-329BE76C3A10}.Release|ARM64.Build.0 = Release|ARM64
		{ABC7CB54-CE9E-4506-93A0-329BE76C3A10}.Release|Win32.ActiveCfg = Release|Win32
		{ABC7CB54-CE9E-4506-93A0-329BE76C3A10}.Release|Win32.Build.0 = Release|Win32
		{ABC7CB54-CE9E-4506-93A0-329BE76C3A10}.Release|x64.ActiveCfg = Release|x64
		{ABC7CB54-CE9E-4506-93A0-329BE76C3A10}.Release|x64.Build.0 = Release|x64
		{7AED2DCA-FFBA-4388-82F0-E472C77553CF}.Debug|ARM64.ActiveCfg = Debug|ARM64
		{7AED2DCA-FFBA-4388-82F0-E472C77553CF}.Debug|ARM64.Build.0 = Debug|ARM64
		{7AED2DCA-FFBA-4388-82F0-E472C77553CF}.Debug|Win32.ActiveCfg = Debug|Win32
		{7AED2DCA-FFBA-4388-82F0-E472C77553CF}.Debug|Win32.Build.0 = Debug|Win32
		{7AED2DCA-FFBA-4388-82F0-E472C77553CF}.Debug|x64.ActiveCfg = Debug|x64
		{7AED2DCA-FFBA-4388-82F0-E472C77553CF}.Debug|x64.Build.0 = Debug|x64
		{7AED2DCA-FFBA-4388-82F0-E472C77553CF}.Release|ARM64.ActiveCfg = Release|ARM64
		{7AED2DCA-FFBA-4388-82F0-E472C77553CF}.Release|ARM64.Build.0 = Release|ARM64
		{7AED2DCA-FFBA-4388-82F0-E472C77553CF}.Release|Win32.ActiveCfg = Release|Win32
		{7AED2DCA-FFBA-4388-82F0-E472C77553CF}.Release|Win32.Build.0 = Release|Win32
		{7AED2DCA-FFBA-4388-82F0-E472C77553CF}.Release|x64.ActiveCfg = Release|x64
		{7AED2DCA-FFBA-4388-82F0-E472C77553CF}.Release|x64.Build.0 = Release|x64
		{C3B176F1-F971-4EC3-B1C5-DF3B41B1A3C3}.Debug|ARM64.ActiveCfg = Debug|ARM64
		{C3B176F1-F971-4EC3-B1C5-DF3B41B1A3C3}.Debug|ARM64.Build.0 = Debug|ARM64
		{C3B176F1-F971-4EC3-B1C5-DF3B41B1A3C3}.Debug|Win32.ActiveCfg = Debug|Win32
		{C3B176F1-F971-4EC3-B1C5-DF3B41B1A3C3}.Debug|Win32.Build.0 = Debug|Win32
		{C3B176F1-F971-4EC3-B1C5-DF3B41B1A3C3}.Debug|x64.ActiveCfg = Debug|x64
		{C3B176F1-F971-4EC3-B1C5-DF3B41B1A3C3}.Debug|x64.Build.0 = Debug|x64
		{C3B176F1-F971-4EC3-B1C5-DF3B41B1A3C3}.Release|ARM64.ActiveCfg = Release|ARM64
		{C3B176F1-F971-4EC3-B1C5-DF3B41B1A3C3}.Release|ARM64.Build.0 = Release|ARM64
		{C3B176F1-F971-4EC3-B1C5-DF3B41B1A3C3}.Release|Win32.ActiveCfg = Release|Win32
		{C3B176F1-F971-4EC3-B1C5-DF3B41B1A3C3}.Release|Win32.Build.0 = Release|Win32
		{C3B176F1-F971-4EC3-B1C5-DF3B41B1A3C3}.Release|x64.ActiveCfg = Release|x64
		{C3B176F1-F971-4EC3-B1C5-DF3B41B1A3C3}.Release|x64.Build.0 = Release|x64
		{F09E225C-1156-46BE-815B-F74BF6138571}.Debug|ARM64.ActiveCfg = Debug|ARM64
		{F09E225C-1156-46BE-815B-F74BF6138571}.Debug|ARM64.Build.0 = Debug|ARM64
		{F09E225C-1156-46BE-815B-F74BF6138571}.Debug|Win32.ActiveCfg = Debug|Win32
		{F09E225C-1156-46BE-815B-F74BF6138571}.Debug|Win32.Build.0 = Debug|Win32
		{F09E225C-1156-46BE-815B-F74BF6138571}.Debug|x64.ActiveCfg = Debug|x64
		{F09E225C-1156-46BE-815B-F74BF6138571}.Debug|x64.Build.0 = Debug|x64
		{F09E225C-1156-46BE-815B-F74BF6138571}.Release|ARM64.ActiveCfg = Release|ARM64
		{F09E225C-1156-46BE-815B-F74BF6138571}.Release|ARM64.Build.0 = Release|ARM64
		{F09E225C-1156-46BE-815B-F74BF6138571}.Release|Win32.ActiveCfg = Release|Win32
		{F09E225C-1156-46BE-815B-F74BF6138571}.Release|Win32.Build.0 = Release|Win32
		{F09E225C-1156-46BE-815B-F74BF6138571}.Release|x64.ActiveCfg = Release|x64
		{F09E225C-1156-46BE-815B-F74BF6138571}.Release|x64.Build.0 = Release|x64
		{9BD30717-7AAC-4461-BE72-5CE27E2E1B1C}.Debug|ARM64.ActiveCfg = Debug|ARM64
		{9BD30717-7AAC-4461-BE72-5CE27E2E1B1C}.Debug|ARM64.Build.0 = Debug|ARM64
		{9BD30717-7AAC-4461-BE72-5CE27E2E1B1C}.Debug|Win32.ActiveCfg = Debug|Win32
		{9BD30717-7AAC-4461-BE72-5CE27E2E1B1C}.Debug|Win32.Build.0 = Debug|Win32
		{9BD30717-7AAC-4461-BE72-5CE27E2E1B1C}.Debug|x64.ActiveCfg = Debug|x64
		{9BD30717-7AAC-4461-BE72-5CE27E2E1B1C}.Debug|x64.Build.0 = Debug|x64
		{9BD30717-7AAC-4461-BE72-5CE27E2E1B1C}.Release|ARM64.ActiveCfg = Release|ARM64
		{9BD30717-7AAC-4461-BE72-5CE27E2E1B1C}.Release|ARM64.Build.0 = Release|ARM64
		{9BD30717-7AAC-4461-BE72-5CE27E2E1B1C}.Release|Win32.ActiveCfg = Release|Win32
		{9BD30717-7AAC-4461-BE72-5CE27E2E1B1C}.Release|Win32.Build.0 = Release|Win32
		{9BD30717-7AAC-4461-BE72-5CE27E2E1B1C}.Release|x64.ActiveCfg = Release|x64
		{9BD30717-7AAC-4461-BE72-5CE27E2E1B1C}.Release|x64.Build.0 = Release|x64
		{A23A4572-47BF-4564-A9E7-F5C80C56DBA9}.Debug|ARM64.ActiveCfg = Debug|ARM64
		{A23A4572-47BF-4564-A9E7-F5C80C56DBA9}.Debug|ARM64.Build.0 = Debug|ARM64
		{A23A4572-47BF-4564-A9E7-F5C80C56DBA9}.Debug|Win32.ActiveCfg = Debug|Win32
		{A23A4572-47BF-4564-A9E7-F5C80C56DBA9}.Debug|Win32.Build.0 = Debug|Win32
		{A23A4572-47BF-4564-A9E7-F5C80C56DBA9}.Debug|x64.ActiveCfg = Debug|x64
		{A23A4572-47BF-4564-A9E7-F5C80C56DBA9}.Debug|x64.Build.0 = Debug|x64
		{A23A4572-47BF-4564-A9E7-F5C80C56DBA9}.Release|ARM64.ActiveCfg = Release|ARM64
		{A23A4572-47BF-4564-A9E7-F5C80C56DBA9}.Release|ARM64.Build.0 = Release|ARM64
		{A23A4572-47BF-4564-A9E7-F5C80C56DBA9}.Release|Win32.ActiveCfg = Release|Win32
		{A23A4572-47BF-4564-A9E7-F5C80C56DBA9}.Release|Win32.Build.0 = Release|Win32
		{A23A4572-47BF-4564-A9E7-F5C80C56DBA9}.Release|x64.ActiveCfg = Release|x64
		{A23A4572-47BF-4564-A9E7-F5C80C56DBA9}.Release|x64.Build.0 = Release|x64
		{93B9D9C6-301C-4564-B52B-ABB9D0282B9F}.Debug|ARM64.ActiveCfg = Debug|ARM64
		{93B9D9C6-301C-4564-B52B-ABB9D0282B9F}.Debug|ARM64.Build.0 = Debug|ARM64
		{93B9D9C6-301C-4564-B52B-ABB9D0282B9F}.Debug|Win32.ActiveCfg = Debug|Win32
		{93B9D9C6-301C-4564-B52B-ABB9D0282B9F}.Debug|Win32.Build.0 = Debug|Win32
		{93B9D9C6-301C-4564-B52B-ABB9D0282B9F}.Debug|x64.ActiveCfg = Debug|x64
		{93B9D9C6-301C-4564-B52B-ABB9D0282B9F}.Debug|x64.Build.0 = Debug|x64
		{93B9D9C6-301C-4564-B52B-ABB9D0282B9F}.Release|ARM64.ActiveCfg = Release|ARM64
		{93B9D9C6-301C-4564-B52B-ABB9D0282B9F}.Release|ARM64.Build.0 = Release|ARM64
		{93B9D9C6-301C-4564-B52B-ABB9D0282B9F}.Release|Win32.ActiveCfg = Release|Win32
		{93B9D9C6-301C-4564-B52B-ABB9D0282B9F}.Release|Win32.Build.0 = Release|Win32
		{93B9D9C6-301C-4564-B52B-ABB9D0282B9F}.Release|x64.ActiveCfg = Release|x64
		{93B9D9C6-301C-4564-B52B-ABB9D0282B9F}.Release|x64.Build.0 = Release|x64
		{A3881309-3C9F-493F-B1D4-62BF107EFEC7}.Debug|ARM64.ActiveCfg = Debug|ARM64
		{A3881309-3C9F-493F-B1D4-62BF107EFEC7}.Debug|ARM64.Build.0 = Debug|ARM64
		{A3881309-3C9F-493F-B1D4-62BF107EFEC7}.Debug|Win32.ActiveCfg = Debug|Win32
		{A3881309-3C9F-493F-B1D4-62BF107EFEC7}.Debug|Win32.Build.0 = Debug|Win32
		{A3881309-3C9F-493F-B1D4-62BF107EFEC7}.Debug|x64.ActiveCfg = Debug|x64
		{A3881309-3C9F-493F-B1D4-62BF107EFEC7}.Debug|x64.Build.0 = Debug|x64
		{A3881309-3C9F-493F-B1D4-62BF107EFEC7}.Release|ARM64.ActiveCfg = Release|ARM64
		{A3881309-3C9F-493F-B1D4-62BF107EFEC7}.Release|ARM64.Build.0 = Release|ARM64
		{A3881309-3C9F-493F-B1D4-62BF107EFEC7}.Release|Win32.ActiveCfg = Release|Win32
		{A3881309-3C9F-493F-B1D4-62BF107EFEC7}.Release|Win32.Build.0 = Release|Win32
		{A3881309-3C9F-493F-B1D4-62BF107EFEC7}.Release|x64.ActiveCfg = Release|x64
		{A3881309-3C9F-493F-B1D4-62BF107EFEC7}.Release|x64.Build.0 = Release|x64
		{29DCC5FD-26E0-4796-931A-27A35A83445A}.Debug|ARM64.ActiveCfg = Debug|ARM64
		{29DCC5FD-26E0-4796-931A-27A35A83445A}.Debug|ARM64.Build.0 = Debug|ARM64
		{29DCC5FD-26E0-4796-931A-27A35A83445A}.Debug|Win32.ActiveCfg = Debug|Win32
		{29DCC5FD-26E0-4796-931A-27A35A83445A}.Debug|Win32.Build.0 = Debug|Win32
		{29DCC5FD-26E0-4796-931A-27A35A83445A}.Debug|x64.ActiveCfg = Debug|x64
		{29DCC5FD-26E0-4796-931A-27A35A83445A}.Debug|x64.Build.0 = Debug|x64
		{29DCC5FD-26E0-4796-931A-27A35A83445A}.Release|ARM64.ActiveCfg = Release|ARM64
		{29DCC5FD-26E0-4796-931A-27A35A83445A}.Release|ARM64.Build.0 = Release|ARM64
		{29DCC5FD-26E0-4796-931A-27A35A83445A}.Release|Win32.ActiveCfg = Release|Win32
		{29DCC5FD-26E0-4796-931A-27A35A83445A}.Release|Win32.Build.0 = Release|Win32
		{29DCC5FD-26E0-4796-931A-27A35A83445A}.Release|x64.ActiveCfg = Release|x64
		{29DCC5FD-26E0-4796-931A-27A35A83445A}.Release|x64.Build.0 = Release|x64
		{916363A3-1D32-4565-B04C-C4826D8EE1AA}.Debug|ARM64.ActiveCfg = Debug|ARM64
		{916363A3-1D32-4565-B04C-C4826D8EE1AA}.Debug|ARM64.Build.0 = Debug|ARM64
		{916363A3-1D32-4565-B04C-C4826D8EE1AA}.Debug|Win32.ActiveCfg = Debug|Win32
		{916363A3-1D32-4565-B04C-C4826D8EE1AA}.Debug|Win32.Build.0 = Debug|Win32
		{916363A3-1D32-4565-B04C-C4826D8EE1AA}.Debug|x64.ActiveCfg = Debug|x64
		{916363A3-1D32-4565-B04C-C4826D8EE1AA}.Debug|x64.Build.0 = Debug|x64
		{916363A3-1D32-4565-B04C-C4826D8EE1AA}.Release|ARM64.ActiveCfg = Release|ARM64
		{916363A3-1D32-4565-B04C-C4826D8EE1AA}.Release|ARM64.Build.0 = Release|ARM64
		{916363A3-1D32-4565-B04C-C4826D8EE1AA}.Release|Win32.ActiveCfg = Release|Win32
		{916363A3-1D32-4565-B04C-C4826D8EE1AA}.Release|Win32.Build.0 = Release|Win32
		{916363A3-1D32-4565-B04C-C4826D8EE1AA}.Release|x64.ActiveCfg = Release|x64
		{916363A3-1D32-4565-B04C-C4826D8EE1AA}.Release|x64.Build.0 = Release|x64
		{AD7DF42B-5F69-42DE-8CF2-6AD4EB030107}.Debug|ARM64.ActiveCfg = Debug|ARM64
		{AD7DF42B-5F69-42DE-8CF2-6AD4EB030107}.Debug|ARM64.Build.0 = Debug|ARM64
		{AD7DF42B-5F69-42DE-8CF2-6AD4EB030107}.Debug|Win32.ActiveCfg = Debug|Win32
		{AD7DF42B-5F69-42DE-8CF2-6AD4EB030107}.Debug|Win32.Build.0 = Debug|Win32
		{AD7DF42B-5F69-42DE-8CF2-6AD4EB030107}.Debug|x64.ActiveCfg = Debug|x64
		{AD7DF42B-5F69-42DE-8CF2-6AD4EB030107}.Debug|x64.Build.0 = Debug|x64
		{AD7DF42B-5F69-42DE-8CF2-6AD4EB030107}.Release|ARM64.ActiveCfg = Release|ARM64
		{AD7DF42B-5F69-42DE-8CF2-6AD4EB030107}.Release|ARM64.Build.0 = Release|ARM64
		{AD7DF42B-5F69-42DE-8CF2-6AD4EB030107}.Release|Win32.ActiveCfg = Release|Win32
		{AD7DF42B-5F69-42DE-8CF2-6AD4EB030107}.Release|Win32.Build.0 = Release|Win32
		{AD7DF42B-5F69-42DE-8CF2-6AD4EB030107}.Release|x64.ActiveCfg = Release|x64
		{AD7DF42B-5F69-42DE-8CF2-6AD4EB030107}.Release|x64.Build.0 = Release|x64
		{ED84BD30-F2B0-4526-B07A-86A2C1BD6147}.Debug|ARM64.ActiveCfg = Debug|ARM64
		{ED84BD30-F2B0-4526-B07A-86A2C1BD6147}.Debug|ARM64.Build.0 = Debug|ARM64
		{ED84BD30-F2B0-4526-B07A-86A2C1BD6147}.Debug|Win32.ActiveCfg = Debug|Win32
		{ED84BD30-F2B0-4526-B07A-86A2C1BD6147}.Debug|Win32.Build.0 = Debug|Win32
		{ED84BD30-F2B0-4526-B07A-86A2C1BD6147}.Debug|x64.ActiveCfg = Debug|x64
		{ED84BD30-F2B0-4526-B07A-86A2C1BD6147}.Debug|x64.Build.0 = Debug|x64
		{ED84BD30-F2B0-4526-B07A-86A2C1BD6147}.Release|ARM64.ActiveCfg = Release|ARM64
		{ED84BD30-F2B0-4526-B07A-86A2C1BD6147}.Release|ARM64.Build.0 = Release|ARM64
		{ED84BD30-F2B0-4526-B07A-86A2C1BD6147}.Release|Win32.ActiveCfg = Release|Win32
		{ED84BD30-F2B0-4526-B07A-86A2C1BD6147}.Release|Win32.Build.0 = Release|Win32
		{ED84BD30-F2B0-4526-B07A-86A2C1BD6147}.Release|x64.ActiveCfg = Release|x64
		{ED84BD30-F2B0-4526-B07A-86A2C1BD6147}.Release|x64.Build.0 = Release|x64
		{5EA8F148-BCA8-4977-B3D4-3D31478B0967}.Debug|ARM64.ActiveCfg = Debug|ARM64
		{5EA8F148-BCA8-4977-B3D4-3D31478B0967}.Debug|ARM64.Build.0 = Debug|ARM64
		{5EA8F148-BCA8-4977-B3D4-3D31478B0967}.Debug|Win32.ActiveCfg = Debug|Win32
		{5EA8F148-BCA8-4977-B3D4-3D31478B0967}.Debug|Win32.Build.0 = Debug|Win32
		{5EA8F148-BCA8-4977-B3D4-3D31478B0967}.Debug|x64.ActiveCfg = Debug|x64
		{5EA8F148-BCA8-4977-B3D4-3D31478B0967}.Debug|x64.Build.0 = Debug|x64
		{5EA8F148-BCA8-4977-B3D4-3D31478B0967}.Release|ARM64.ActiveCfg = Release|ARM64
		{5EA8F148-BCA8-4977-B3D4-3D31478B0967}.Release|ARM64.Build.0 = Release|ARM64
		{5EA8F148-BCA8-4977-B3D4-3D31478B0967}.Release|Win32.ActiveCfg = Release|Win32
		{5EA8F148-BCA8-4977-B3D4-3D31478B0967}.Release|Win32.Build.0 = Release|Win32
		{5EA8F148-BCA8-4977-B3D4-3D31478B0967}.Release|x64.ActiveCfg = Release|x64
		{5EA8F148-BCA8-4977-B3D4-3D31478B0967}.Release|x64.Build.0 = Release|x64
		{30A4CFAA-7011-4150-BCCB-1CE4FE023EF9}.Debug|ARM64.ActiveCfg = Debug|ARM64
		{30A4CFAA-7011-4150-BCCB-1CE4FE023EF9}.Debug|ARM64.Build.0 = Debug|ARM64
		{30A4CFAA-7011-4150-BCCB-1CE4FE023EF9}.Debug|Win32.ActiveCfg = Debug|Win32
		{30A4CFAA-7011-4150-BCCB-1CE4FE023EF9}.Debug|Win32.Build.0 = Debug|Win32
		{30A4CFAA-7011-4150-BCCB-1CE4FE023EF9}.Debug|x64.ActiveCfg = Debug|x64
		{30A4CFAA-7011-4150-BCCB-1CE4FE023EF9}.Debug|x64.Build.0 = Debug|x64
		{30A4CFAA-7011-4150-BCCB-1CE4FE023EF9}.Release|ARM64.ActiveCfg = Release|ARM64
		{30A4CFAA-7011-4150-BCCB-1CE4FE023EF9}.Release|ARM64.Build.0 = Release|ARM64
		{30A4CFAA-7011-4150-BCCB-1CE4FE023EF9}.Release|Win32.ActiveCfg = Release|Win32
		{30A4CFAA-7011-4150-BCCB-1CE4FE023EF9}.Release|Win32.Build.0 = Release|Win32
		{30A4CFAA-7011-4150-BCCB-1CE4FE023EF9}.Release|x64.ActiveCfg = Release|x64
		{30A4CFAA-7011-4150-BCCB-1CE4FE023EF9}.Release|x64.Build.0 = Release|x64
		{97B724BC-FC56-43B1-9974-4621E8E07607}.Debug|ARM64.ActiveCfg = Debug|ARM64
		{97B724BC-FC56-43B1-9974-4621E8E07607}.Debug|ARM64.Build.0 = Debug|ARM64
		{97B724BC-FC56-43B1-9974-4621E8E07607}.Debug|Win32.ActiveCfg = Debug|Win32
		{97B724BC-FC56-43B1-9974-4621E8E07607}.Debug|Win32.Build.0 = Debug|Win32
		{97B724BC-FC56-43B1-9974-4621E8E07607}.Debug|x64.ActiveCfg = Debug|x64
		{97B724BC-FC56-43B1-9974-4621E8E07607}.Debug|x64.Build.0 = Debug|x64
		{97B724BC-FC56-43B1-9974-4621E8E07607}.Release|ARM64.ActiveCfg = Release|ARM64
		{97B724BC-FC56-43B1-9974-4621E8E07607}.Release|ARM64.Build.0 = Release|ARM64
		{97B724BC-FC56-43B1-9974-4621E8E07607}.Release|Win32.ActiveCfg = Release|Win32
		{97B724BC-FC56-43B1-9974-4621E8E07607}.Release|Win32.Build.0 = Release|Win32
		{97B724BC-FC56-43B1-9974-4621E8E07607}.Release|x64.ActiveCfg = Release|x64
		{97B724BC-FC56-43B1-9974-4621E8E07607}.Release|x64.Build.0 = Release|x64
		{328091F2-B006-4C9D-8F78-F6837488A9B3}.Debug|ARM64.ActiveCfg = Debug|ARM64
		{328091F2-B006-4C9D-8F78-F6837488A9B3}.Debug|ARM64.Build.0 = Debug|ARM64
		{328091F2-B006-4C9D-8F78-F6837488A9B3}.Debug|Win32.ActiveCfg = Debug|Win32
		{328091F2-B006-4C9D-8F78-F6837488A9B3}.Debug|Win32.Build.0 = Debug|Win32
		{328091F2-B006-4C9D-8F78-F6837488A9B3}.Debug|x64.ActiveCfg = Debug|x64
		{328091F2-B006-4C9D-8F78-F6837488A9B3}.Debug|x64.Build.0 = Debug|x64
		{328091F2-B006-4C9D-8F78-F6837488A9B3}.Release|ARM64.ActiveCfg = Release|ARM64
		{328091F2-B006-4C9D-8F78-F6837488A9B3}.Release|ARM64.Build.0 = Release|ARM64
		{328091F2-B006-4C9D-8F78-F6837488A9B3}.Release|Win32.ActiveCfg = Release|Win32
		{328091F2-B006-4C9D-8F78-F6837488A9B3}.Release|Win32.Build.0 = Release|Win32
		{328091F2-B006-4C9D-8F78-F6837488A9B3}.Release|x64.ActiveCfg = Release|x64
		{328091F2-B006-4C9D-8F78-F6837488A9B3}.Release|x64.Build.0 = Release|x64
		{32745C0B-529F-4CEA-B081-B8E38A915F0F}.Debug|ARM64.ActiveCfg = Debug|ARM64
		{32745C0B-529F-4CEA-B081-B8E38A915F0F}.Debug|ARM64.Build.0 = Debug|ARM64
		{32745C0B-529F-4CEA-B081-B8E38A915F0F}.Debug|Win32.ActiveCfg = Debug|Win32
		{32745C0B-529F-4CEA-B081-B8E38A915F0F}.Debug|Win32.Build.0 = Debug|Win32
		{32745C0B-529F-4CEA-B081-B8E38A915F0F}.Debug|x64.ActiveCfg = Debug|x64
		{32745C0B-529F-4CEA-B081-B8E38A915F0F}.Debug|x64.Build.0 = Debug|x64
		{32745C0B-529F-4CEA-B081-B8E38A915F0F}.Release|ARM64.ActiveCfg = Release|ARM64
		{32745C0B-529F-4CEA-B081-B8E38A915F0F}.Release|ARM64.Build.0 = Release|ARM64
		{32745C0B-529F-4CEA-B081-B8E38A915F0F}.Release|Win32.ActiveCfg = Release|Win32
		{32745C0B-529F-4CEA-B081-B8E38A915F0F}.Release|Win32.Build.0 = Release|Win32
		{32745C0B-529F-4CEA-B081-B8E38A915F0F}.Release|x64.ActiveCfg = Release|x64
		{32745C0B-529F-4CEA-B081-B8E38A915F0F}.Release|x64.Build.0 = Release|x64
		{6919DB7D-A119-4E37-BF38-E9F806E31D6E}.Debug|ARM64.ActiveCfg = Debug|ARM64
		{6919DB7D-A119-4E37-BF38-E9F806E31D6E}.Debug|ARM64.Build.0 = Debug|ARM64
		{6919DB7D-A119-4E37-BF38-E9F806E31D6E}.Debug|Win32.ActiveCfg = Debug|Win32
		{6919DB7D-A119-4E37-BF38-E9F806E31D6E}.Debug|Win32.Build.0 = Debug|Win32
		{6919DB7D-A119-4E37-BF38-E9F806E31D6E}.Debug|x64.ActiveCfg = Debug|Win32
		{6919DB7D-A119-4E37-BF38-E9F806E31D6E}.Release|ARM64.ActiveCfg = Release|ARM64
		{6919DB7D-A119-4E37-BF38-E9F806E31D6E}.Release|ARM64.Build.0 = Release|ARM64
		{6919DB7D-A119-4E37-BF38-E9F806E31D6E}.Release|Win32.ActiveCfg = Release|Win32
		{6919DB7D-A119-4E37-BF38-E9F806E31D6E}.Release|Win32.Build.0 = Release|Win32
		{6919DB7D-A119-4E37-BF38-E9F806E31D6E}.Release|x64.ActiveCfg = Release|x64
		{6919DB7D-A119-4E37-BF38-E9F806E31D6E}.Release|x64.Build.0 = Release|x64
		{CB05ED64-7178-4128-A290-031CE861F299}.Debug|ARM64.ActiveCfg = Debug|ARM64
		{CB05ED64-7178-4128-A290-031CE861F299}.Debug|ARM64.Build.0 = Debug|ARM64
		{CB05ED64-7178-4128-A290-031CE861F299}.Debug|Win32.ActiveCfg = Debug|Win32
		{CB05ED64-7178-4128-A290-031CE861F299}.Debug|Win32.Build.0 = Debug|Win32
		{CB05ED64-7178-4128-A290-031CE861F299}.Debug|x64.ActiveCfg = Debug|Win32
		{CB05ED64-7178-4128-A290-031CE861F299}.Release|ARM64.ActiveCfg = Release|ARM64
		{CB05ED64-7178-4128-A290-031CE861F299}.Release|ARM64.Build.0 = Release|ARM64
		{CB05ED64-7178-4128-A290-031CE861F299}.Release|Win32.ActiveCfg = Release|Win32
		{CB05ED64-7178-4128-A290-031CE861F299}.Release|Win32.Build.0 = Release|Win32
		{CB05ED64-7178-4128-A290-031CE861F299}.Release|x64.ActiveCfg = Release|x64
		{CB05ED64-7178-4128-A290-031CE861F299}.Release|x64.Build.0 = Release|x64
		{57F47D9E-DA87-4797-89DF-D8B49ED70863}.Debug|ARM64.ActiveCfg = Debug|ARM64
		{57F47D9E-DA87-4797-89DF-D8B49ED70863}.Debug|ARM64.Build.0 = Debug|ARM64
		{57F47D9E-DA87-4797-89DF-D8B49ED70863}.Debug|Win32.ActiveCfg = Debug|Win32
		{57F47D9E-DA87-4797-89DF-D8B49ED70863}.Debug|Win32.Build.0 = Debug|Win32
		{57F47D9E-DA87-4797-89DF-D8B49ED70863}.Debug|x64.ActiveCfg = Debug|Win32
		{57F47D9E-DA87-4797-89DF-D8B49ED70863}.Release|ARM64.ActiveCfg = Release|ARM64
		{57F47D9E-DA87-4797-89DF-D8B49ED70863}.Release|ARM64.Build.0 = Release|ARM64
		{57F47D9E-DA87-4797-89DF-D8B49ED70863}.Release|Win32.ActiveCfg = Release|Win32
		{57F47D9E-DA87-4797-89DF-D8B49ED70863}.Release|Win32.Build.0 = Release|Win32
		{57F47D9E-DA87-4797-89DF-D8B49ED70863}.Release|x64.ActiveCfg = Release|x64
		{57F47D9E-DA87-4797-89DF-D8B49ED70863}.Release|x64.Build.0 = Release|x64
	EndGlobalSection
	GlobalSection(SolutionProperties) = preSolution
		HideSolutionNode = FALSE
	EndGlobalSection
	GlobalSection(NestedProjects) = preSolution
		{C9B7E309-DEC0-4796-B6FC-AFEF3FC4BA3A} = {82163E49-DE44-4607-BB35-760559DBCA2F}
		{A5F9BCA4-9F0A-4065-8117-1C820474C1F1} = {E70FBDA5-6E11-4E1A-93E1-1AC7DB17E10D}
		{C95D7C66-C623-4BF9-A373-910E391BA1F4} = {72CBDBAD-A9BF-4AA8-ABDF-C6F3933455F2}
		{C2DC6FA3-9387-44DD-A462-04E75B15A0C5} = {72CBDBAD-A9BF-4AA8-ABDF-C6F3933455F2}
		{DF79BF75-7389-467D-B38B-FE23FE988025} = {72CBDBAD-A9BF-4AA8-ABDF-C6F3933455F2}
		{DD6E665F-0D17-4BAE-B622-658A2B662BDF} = {E62000AC-5050-4160-9EF6-63A6F5742608}
		{517ADF65-F8E9-46FA-8976-780692D8698A} = {72CBDBAD-A9BF-4AA8-ABDF-C6F3933455F2}
		{83BD8DBF-999C-4DE4-8D97-09AC871B9B56} = {72CBDBAD-A9BF-4AA8-ABDF-C6F3933455F2}
		{2EB7E7C9-3843-4FA6-B34C-D5430D76DF40} = {72CBDBAD-A9BF-4AA8-ABDF-C6F3933455F2}
		{4C486C3A-3D3D-4F3D-A404-C153B4EE840C} = {72CBDBAD-A9BF-4AA8-ABDF-C6F3933455F2}
		{B2780879-FABE-4ADB-AA31-2334836A56A5} = {72CBDBAD-A9BF-4AA8-ABDF-C6F3933455F2}
		{3DB2FBD1-6ACB-4940-99E8-E639001CE752} = {72CBDBAD-A9BF-4AA8-ABDF-C6F3933455F2}
		{9BCEBB08-184D-4E72-8A7E-8C7381897794} = {72CBDBAD-A9BF-4AA8-ABDF-C6F3933455F2}
		{A42A3F69-0295-4EB4-9F04-D1502342DA68} = {E62000AC-5050-4160-9EF6-63A6F5742608}
		{CCB7245E-8A3C-4206-88A1-CDB726789F72} = {82163E49-DE44-4607-BB35-760559DBCA2F}
		{62F7343E-5FEB-4FAC-BF54-A55F3449094E} = {82163E49-DE44-4607-BB35-760559DBCA2F}
		{F01045A7-2FA0-4268-ADB2-07E0296B3F10} = {2C5FF7D8-0F97-4C51-AD4F-DB6125B95397}
		{899BC2F3-598C-4E84-8488-E08F967A5A3A} = {82163E49-DE44-4607-BB35-760559DBCA2F}
		{A3FD1A53-C3FD-468F-8E6F-652DC7AC745E} = {72CBDBAD-A9BF-4AA8-ABDF-C6F3933455F2}
		{F91EBE43-9D1D-4E78-B5E0-DF4857EEA31E} = {72CBDBAD-A9BF-4AA8-ABDF-C6F3933455F2}
		{9E695AA1-4EEF-4A3E-B790-B840A6233753} = {E62000AC-5050-4160-9EF6-63A6F5742608}
		{ABC7CB54-CE9E-4506-93A0-329BE76C3A10} = {E62000AC-5050-4160-9EF6-63A6F5742608}
		{7AED2DCA-FFBA-4388-82F0-E472C77553CF} = {F9710DA9-E938-4CCE-AC29-FEEA7C83121B}
		{C3B176F1-F971-4EC3-B1C5-DF3B41B1A3C3} = {E70FBDA5-6E11-4E1A-93E1-1AC7DB17E10D}
		{F09E225C-1156-46BE-815B-F74BF6138571} = {2C5FF7D8-0F97-4C51-AD4F-DB6125B95397}
		{9BD30717-7AAC-4461-BE72-5CE27E2E1B1C} = {E70FBDA5-6E11-4E1A-93E1-1AC7DB17E10D}
		{A23A4572-47BF-4564-A9E7-F5C80C56DBA9} = {72CBDBAD-A9BF-4AA8-ABDF-C6F3933455F2}
		{93B9D9C6-301C-4564-B52B-ABB9D0282B9F} = {72CBDBAD-A9BF-4AA8-ABDF-C6F3933455F2}
		{A3881309-3C9F-493F-B1D4-62BF107EFEC7} = {E62000AC-5050-4160-9EF6-63A6F5742608}
		{29DCC5FD-26E0-4796-931A-27A35A83445A} = {E62000AC-5050-4160-9EF6-63A6F5742608}
		{916363A3-1D32-4565-B04C-C4826D8EE1AA} = {72CBDBAD-A9BF-4AA8-ABDF-C6F3933455F2}
		{AD7DF42B-5F69-42DE-8CF2-6AD4EB030107} = {72CBDBAD-A9BF-4AA8-ABDF-C6F3933455F2}
		{ED84BD30-F2B0-4526-B07A-86A2C1BD6147} = {72CBDBAD-A9BF-4AA8-ABDF-C6F3933455F2}
		{5EA8F148-BCA8-4977-B3D4-3D31478B0967} = {72CBDBAD-A9BF-4AA8-ABDF-C6F3933455F2}
		{30A4CFAA-7011-4150-BCCB-1CE4FE023EF9} = {F9710DA9-E938-4CCE-AC29-FEEA7C83121B}
		{97B724BC-FC56-43B1-9974-4621E8E07607} = {72CBDBAD-A9BF-4AA8-ABDF-C6F3933455F2}
		{328091F2-B006-4C9D-8F78-F6837488A9B3} = {72CBDBAD-A9BF-4AA8-ABDF-C6F3933455F2}
		{32745C0B-529F-4CEA-B081-B8E38A915F0F} = {72CBDBAD-A9BF-4AA8-ABDF-C6F3933455F2}
		{6919DB7D-A119-4E37-BF38-E9F806E31D6E} = {72CBDBAD-A9BF-4AA8-ABDF-C6F3933455F2}
		{CB05ED64-7178-4128-A290-031CE861F299} = {F9710DA9-E938-4CCE-AC29-FEEA7C83121B}
		{57F47D9E-DA87-4797-89DF-D8B49ED70863} = {F9710DA9-E938-4CCE-AC29-FEEA7C83121B}
	EndGlobalSection
	GlobalSection(ExtensibilityGlobals) = postSolution
		SolutionGuid = {B11D81B2-7BAC-4D49-8D92-B1DDA078DE2E}
	EndGlobalSection
EndGlobal
