<?xml version="1.0" encoding="utf-8"?>
<Project ToolsVersion="4.0" xmlns="http://schemas.microsoft.com/developer/msbuild/2003">
  <ItemGroup>
    <Filter Include="Файлы исходного кода">
      <UniqueIdentifier>{4FC737F1-C7A5-4376-A066-2A32D752A2FF}</UniqueIdentifier>
      <Extensions>cpp;c;cc;cxx;def;odl;idl;hpj;bat;asm;asmx</Extensions>
    </Filter>
    <Filter Include="Заголовочные файлы">
      <UniqueIdentifier>{93995380-89BD-4b04-88EB-625FBE52EBFB}</UniqueIdentifier>
      <Extensions>h;hpp;hxx;hm;inl;inc;xsd</Extensions>
    </Filter>
    <Filter Include="Файлы ресурсов">
      <UniqueIdentifier>{67DA6AB6-F800-4c08-8B7A-83BB121AAD01}</UniqueIdentifier>
      <Extensions>rc;ico;cur;bmp;dlg;rc2;rct;bin;rgs;gif;jpg;jpeg;jpe;resx;tiff;tif;png;wav;mfcribbon-ms</Extensions>
    </Filter>
    <Filter Include="Файлы исходного кода\extclib">
      <UniqueIdentifier>{b3654a7a-ff44-436f-b40f-f15b4c920561}</UniqueIdentifier>
    </Filter>
    <Filter Include="Файлы исходного кода\plugins">
      <UniqueIdentifier>{ad44cdf1-c41b-4867-a7e8-9dcaa2515ef7}</UniqueIdentifier>
    </Filter>
    <Filter Include="Файлы исходного кода\sys">
      <UniqueIdentifier>{f00b98d3-0597-4a68-a49d-af76492961cd}</UniqueIdentifier>
    </Filter>
  </ItemGroup>
  <ItemGroup>
    <ClCompile Include="..\..\nyan\nyan.c">
      <Filter>Файлы исходного кода</Filter>
    </ClCompile>
    <ClCompile Include="..\..\nyan\nyan_apifordlls.c">
      <Filter>Файлы исходного кода</Filter>
    </ClCompile>
    <ClCompile Include="..\..\nyan\nyan_au_init.c">
      <Filter>Файлы исходного кода</Filter>
    </ClCompile>
    <ClCompile Include="..\..\nyan\nyan_au_main.c">
      <Filter>Файлы исходного кода</Filter>
    </ClCompile>
    <ClCompile Include="..\..\nyan\nyan_filesys.c">
      <Filter>Файлы исходного кода</Filter>
    </ClCompile>
    <ClCompile Include="..\..\nyan\nyan_fps.c">
      <Filter>Файлы исходного кода</Filter>
    </ClCompile>
    <ClCompile Include="..\..\nyan\nyan_getproc.c">
      <Filter>Файлы исходного кода</Filter>
    </ClCompile>
    <ClCompile Include="..\..\nyan\nyan_init.c">
      <Filter>Файлы исходного кода</Filter>
    </ClCompile>
    <ClCompile Include="..\..\nyan\nyan_log.c">
      <Filter>Файлы исходного кода</Filter>
    </ClCompile>
    <ClCompile Include="..\..\nyan\nyan_mem.c">
      <Filter>Файлы исходного кода</Filter>
    </ClCompile>
    <ClCompile Include="..\..\nyan\nyan_plgloader.c">
      <Filter>Файлы исходного кода</Filter>
    </ClCompile>
    <ClCompile Include="..\..\nyan\nyan_threads.c">
      <Filter>Файлы исходного кода</Filter>
    </ClCompile>
    <ClCompile Include="..\..\nyan\nyan_vis_3dlevel.c">
      <Filter>Файлы исходного кода</Filter>
    </ClCompile>
    <ClCompile Include="..\..\nyan\nyan_vis_3dmodel.c">
      <Filter>Файлы исходного кода</Filter>
    </ClCompile>
    <ClCompile Include="..\..\nyan\nyan_vis_draw.c">
      <Filter>Файлы исходного кода</Filter>
    </ClCompile>
    <ClCompile Include="..\..\nyan\nyan_vis_fonts.c">
      <Filter>Файлы исходного кода</Filter>
    </ClCompile>
    <ClCompile Include="..\..\nyan\nyan_vis_init.c">
      <Filter>Файлы исходного кода</Filter>
    </ClCompile>
    <ClCompile Include="..\..\nyan\nyan_vis_texture.c">
      <Filter>Файлы исходного кода</Filter>
    </ClCompile>
    <ClCompile Include="..\..\extclib\mbstowcsl.c">
      <Filter>Файлы исходного кода\extclib</Filter>
    </ClCompile>
    <ClCompile Include="..\..\plugins\plg_wav.c">
      <Filter>Файлы исходного кода\plugins</Filter>
    </ClCompile>
    <ClCompile Include="..\..\plugins\plg_bmp.c">
      <Filter>Файлы исходного кода\plugins</Filter>
    </ClCompile>
    <ClCompile Include="..\..\plugins\plg_files.c">
      <Filter>Файлы исходного кода\plugins</Filter>
    </ClCompile>
    <ClCompile Include="..\..\plugins\plg_nek0.c">
      <Filter>Файлы исходного кода\plugins</Filter>
    </ClCompile>
    <ClCompile Include="..\..\plugins\plg_pcx.c">
      <Filter>Файлы исходного кода\plugins</Filter>
    </ClCompile>
    <ClCompile Include="..\..\plugins\plg_tga.c">
      <Filter>Файлы исходного кода\plugins</Filter>
    </ClCompile>
    <ClCompile Include="..\..\nyan\nyan_vis_matrixes.c">
      <Filter>Файлы исходного кода</Filter>
    </ClCompile>
    <ClCompile Include="..\..\nyan_container\nyan_container_ne_helpers.c">
      <Filter>Файлы исходного кода</Filter>
    </ClCompile>
    <ClCompile Include="..\..\extclib\strlcpy.c">
      <Filter>Файлы исходного кода\extclib</Filter>
    </ClCompile>
    <ClCompile Include="..\..\nyan\nyan_vis_spritesheets.c">
      <Filter>Файлы исходного кода</Filter>
    </ClCompile>
    <ClCompile Include="..\..\nyan\nyan_vis_justdraw.c">
      <Filter>Файлы исходного кода</Filter>
    </ClCompile>
    <ClCompile Include="..\..\nyan\nyan_filesys_dirpaths.c">
      <Filter>Файлы исходного кода</Filter>
    </ClCompile>
    <ClCompile Include="..\..\nyan\sys\win\nyan_sys_getproc.c">
      <Filter>Файлы исходного кода\sys</Filter>
    </ClCompile>
    <ClCompile Include="..\..\nyan_container\nyan_container_strings.c">
      <Filter>Файлы исходного кода</Filter>
    </ClCompile>
  </ItemGroup>
  <ItemGroup>
    <ClInclude Include="..\..\plugins\plg_bmp.h">
      <Filter>Заголовочные файлы</Filter>
    </ClInclude>
    <ClInclude Include="..\..\plugins\plg_files.h">
      <Filter>Заголовочные файлы</Filter>
    </ClInclude>
    <ClInclude Include="..\..\plugins\plg_nek0.h">
      <Filter>Заголовочные файлы</Filter>
    </ClInclude>
    <ClInclude Include="..\..\plugins\plg_pcx.h">
      <Filter>Заголовочные файлы</Filter>
    </ClInclude>
    <ClInclude Include="..\..\plugins\plg_tga.h">
      <Filter>Заголовочные файлы</Filter>
    </ClInclude>
    <ClInclude Include="..\..\plugins\plg_wav.h">
      <Filter>Заголовочные файлы</Filter>
    </ClInclude>
    <ClInclude Include="..\..\nyan\nyan_apifordlls.h">
      <Filter>Заголовочные файлы</Filter>
    </ClInclude>
    <ClInclude Include="..\..\nyan\nyan_au_init.h">
      <Filter>Заголовочные файлы</Filter>
    </ClInclude>
    <ClInclude Include="..\..\nyan\nyan_au_main.h">
      <Filter>Заголовочные файлы</Filter>
    </ClInclude>
    <ClInclude Include="..\..\nyan\nyan_engapi.h">
      <Filter>Заголовочные файлы</Filter>
    </ClInclude>
    <ClInclude Include="..\..\nyan\nyan_filesys.h">
      <Filter>Заголовочные файлы</Filter>
    </ClInclude>
    <ClInclude Include="..\..\nyan\nyan_fps.h">
      <Filter>Заголовочные файлы</Filter>
    </ClInclude>
    <ClInclude Include="..\..\nyan\nyan_getproc.h">
      <Filter>Заголовочные файлы</Filter>
    </ClInclude>
    <ClInclude Include="..\..\nyan\nyan_init.h">
      <Filter>Заголовочные файлы</Filter>
    </ClInclude>
    <ClInclude Include="..\..\nyan\nyan_log.h">
      <Filter>Заголовочные файлы</Filter>
    </ClInclude>
    <ClInclude Include="..\..\nyan\nyan_mem.h">
      <Filter>Заголовочные файлы</Filter>
    </ClInclude>
    <ClInclude Include="..\..\nyan\nyan_nalapi.h">
      <Filter>Заголовочные файлы</Filter>
    </ClInclude>
    <ClInclude Include="..\..\nyan\nyan_nglapi.h">
      <Filter>Заголовочные файлы</Filter>
    </ClInclude>
    <ClInclude Include="..\..\nyan\nyan_plgloader.h">
      <Filter>Заголовочные файлы</Filter>
    </ClInclude>
    <ClInclude Include="..\..\nyan\nyan_text.h">
      <Filter>Заголовочные файлы</Filter>
    </ClInclude>
    <ClInclude Include="..\..\nyan\nyan_threads.h">
      <Filter>Заголовочные файлы</Filter>
    </ClInclude>
    <ClInclude Include="..\..\nyan\nyan_threads_publicapi.h">
      <Filter>Заголовочные файлы</Filter>
    </ClInclude>
    <ClInclude Include="..\..\nyan\nyan_vis_3dlevel.h">
      <Filter>Заголовочные файлы</Filter>
    </ClInclude>
    <ClInclude Include="..\..\nyan\nyan_vis_3dmodel.h">
      <Filter>Заголовочные файлы</Filter>
    </ClInclude>
    <ClInclude Include="..\..\nyan\nyan_vis_draw.h">
      <Filter>Заголовочные файлы</Filter>
    </ClInclude>
    <ClInclude Include="..\..\nyan\nyan_vis_fonts.h">
      <Filter>Заголовочные файлы</Filter>
    </ClInclude>
    <ClInclude Include="..\..\nyan\nyan_vis_init.h">
      <Filter>Заголовочные файлы</Filter>
    </ClInclude>
    <ClInclude Include="..\..\nyan\nyan_vis_texture.h">
      <Filter>Заголовочные файлы</Filter>
    </ClInclude>
    <ClInclude Include="..\..\nyan\nyan_vis_matrixes.h">
      <Filter>Заголовочные файлы</Filter>
    </ClInclude>
    <ClInclude Include="..\..\nyan\nyan_vis_matrixes_publicapi.h">
      <Filter>Заголовочные файлы</Filter>
    </ClInclude>
    <ClInclude Include="..\..\nyan\nyan_vis_fonts_publicapi.h">
      <Filter>Заголовочные файлы</Filter>
    </ClInclude>
    <ClInclude Include="..\..\nyan\nyan_vis_init_publicapi.h">
      <Filter>Заголовочные файлы</Filter>
    </ClInclude>
    <ClInclude Include="..\..\nyan\nyan_decls_publicapi.h">
      <Filter>Заголовочные файлы</Filter>
    </ClInclude>
    <ClInclude Include="..\..\nyan\nyan_texformat_publicapi.h">
      <Filter>Заголовочные файлы</Filter>
    </ClInclude>
    <ClInclude Include="..\..\nyan\nyan_file_publicapi.h">
      <Filter>Заголовочные файлы</Filter>
    </ClInclude>
    <ClInclude Include="..\..\nyan\nyan_audiofile_publicapi.h">
      <Filter>Заголовочные файлы</Filter>
    </ClInclude>
    <ClInclude Include="..\..\nyan\nyan_vismodes_publicapi.h">
      <Filter>Заголовочные файлы</Filter>
    </ClInclude>
    <ClInclude Include="..\..\nyan\nyan_draw_publicapi.h">
      <Filter>Заголовочные файлы</Filter>
    </ClInclude>
    <ClInclude Include="..\..\nyan\nyan_keycodes_publicapi.h">
      <Filter>Заголовочные файлы</Filter>
    </ClInclude>
    <ClInclude Include="..\..\nyan\nyan_plgtypes_publicapi.h">
      <Filter>Заголовочные файлы</Filter>
    </ClInclude>
    <ClInclude Include="..\..\nyan\nyan_publicapi.h">
      <Filter>Заголовочные файлы</Filter>
    </ClInclude>
    <ClInclude Include="..\..\nyan_container\nyan_container_ne_helpers.h">
      <Filter>Заголовочные файлы</Filter>
    </ClInclude>
    <ClInclude Include="..\..\nyan\nyan_vis_spritesheets.h">
      <Filter>Заголовочные файлы</Filter>
    </ClInclude>
    <ClInclude Include="..\..\nyan\nyan_vis_spritesheets_publicapi.h">
      <Filter>Заголовочные файлы</Filter>
    </ClInclude>
    <ClInclude Include="..\..\nyan\nyan_filesys_dirpaths.h">
      <Filter>Заголовочные файлы</Filter>
    </ClInclude>
    <ClInclude Include="..\..\nyan\nyan_filesys_dirpaths_publicapi.h">
      <Filter>Заголовочные файлы</Filter>
    </ClInclude>
    <ClInclude Include="..\..\nyan_container\nyan_container_defs.h">
      <Filter>Заголовочные файлы</Filter>
    </ClInclude>
    <ClInclude Include="..\..\nyan_container\nyan_container_strings.h">
      <Filter>Заголовочные файлы</Filter>
    </ClInclude>
  </ItemGroup>
</Project>